// !$*UTF8*$!
{
	archiveVersion = 1;
	classes = {
	};
	objectVersion = 46;
	objects = {

/* Begin PBXBuildFile section */
		6B52D0581DF20B4F00E4BE60 /* AppDelegate.swift in Sources */ = {isa = PBXBuildFile; fileRef = 6B52D0571DF20B4F00E4BE60 /* AppDelegate.swift */; };
		6B52D05A1DF20B4F00E4BE60 /* SignInViewController.swift in Sources */ = {isa = PBXBuildFile; fileRef = 6B52D0591DF20B4F00E4BE60 /* SignInViewController.swift */; };
		6B52D05D1DF20B4F00E4BE60 /* Main.storyboard in Resources */ = {isa = PBXBuildFile; fileRef = 6B52D05B1DF20B4F00E4BE60 /* Main.storyboard */; };
		6B52D05F1DF20B4F00E4BE60 /* Assets.xcassets in Resources */ = {isa = PBXBuildFile; fileRef = 6B52D05E1DF20B4F00E4BE60 /* Assets.xcassets */; };
		6B52D0621DF20B4F00E4BE60 /* LaunchScreen.storyboard in Resources */ = {isa = PBXBuildFile; fileRef = 6B52D0601DF20B4F00E4BE60 /* LaunchScreen.storyboard */; };
		6B52D06A1DF20BAC00E4BE60 /* GoogleService-Info.plist in Resources */ = {isa = PBXBuildFile; fileRef = 6B52D0691DF20BAC00E4BE60 /* GoogleService-Info.plist */; };
		8791750B9C120D4AB891FE8D /* Pods_SocialMediaAppRob.framework in Frameworks */ = {isa = PBXBuildFile; fileRef = 028CE8CA8AA22A32D4BF3765 /* Pods_SocialMediaAppRob.framework */; };
/* End PBXBuildFile section */

/* Begin PBXFileReference section */
		028CE8CA8AA22A32D4BF3765 /* Pods_SocialMediaAppRob.framework */ = {isa = PBXFileReference; explicitFileType = wrapper.framework; includeInIndex = 0; path = Pods_SocialMediaAppRob.framework; sourceTree = BUILT_PRODUCTS_DIR; };
		1B2900853F6747890062DA80 /* Pods-SocialMediaAppRob.debug.xcconfig */ = {isa = PBXFileReference; includeInIndex = 1; lastKnownFileType = text.xcconfig; name = "Pods-SocialMediaAppRob.debug.xcconfig"; path = "Pods/Target Support Files/Pods-SocialMediaAppRob/Pods-SocialMediaAppRob.debug.xcconfig"; sourceTree = "<group>"; };
		2B6E6FB46A1A6FB6D2CC9FEF /* Pods-SocialMediaAppRob.release.xcconfig */ = {isa = PBXFileReference; includeInIndex = 1; lastKnownFileType = text.xcconfig; name = "Pods-SocialMediaAppRob.release.xcconfig"; path = "Pods/Target Support Files/Pods-SocialMediaAppRob/Pods-SocialMediaAppRob.release.xcconfig"; sourceTree = "<group>"; };
		6B52D0541DF20B4F00E4BE60 /* SocialMediaAppRob.app */ = {isa = PBXFileReference; explicitFileType = wrapper.application; includeInIndex = 0; path = SocialMediaAppRob.app; sourceTree = BUILT_PRODUCTS_DIR; };
		6B52D0571DF20B4F00E4BE60 /* AppDelegate.swift */ = {isa = PBXFileReference; lastKnownFileType = sourcecode.swift; path = AppDelegate.swift; sourceTree = "<group>"; };
		6B52D0591DF20B4F00E4BE60 /* SignInViewController.swift */ = {isa = PBXFileReference; lastKnownFileType = sourcecode.swift; path = SignInViewController.swift; sourceTree = "<group>"; };
		6B52D05C1DF20B4F00E4BE60 /* Base */ = {isa = PBXFileReference; lastKnownFileType = file.storyboard; name = Base; path = Base.lproj/Main.storyboard; sourceTree = "<group>"; };
		6B52D05E1DF20B4F00E4BE60 /* Assets.xcassets */ = {isa = PBXFileReference; lastKnownFileType = folder.assetcatalog; path = Assets.xcassets; sourceTree = "<group>"; };
		6B52D0611DF20B4F00E4BE60 /* Base */ = {isa = PBXFileReference; lastKnownFileType = file.storyboard; name = Base; path = Base.lproj/LaunchScreen.storyboard; sourceTree = "<group>"; };
		6B52D0631DF20B4F00E4BE60 /* Info.plist */ = {isa = PBXFileReference; lastKnownFileType = text.plist.xml; path = Info.plist; sourceTree = "<group>"; };
		6B52D0691DF20BAC00E4BE60 /* GoogleService-Info.plist */ = {isa = PBXFileReference; fileEncoding = 4; lastKnownFileType = text.plist.xml; name = "GoogleService-Info.plist"; path = "../GoogleService-Info.plist"; sourceTree = "<group>"; };
/* End PBXFileReference section */

/* Begin PBXFrameworksBuildPhase section */
		6B52D0511DF20B4F00E4BE60 /* Frameworks */ = {
			isa = PBXFrameworksBuildPhase;
			buildActionMask = 2147483647;
			files = (
				8791750B9C120D4AB891FE8D /* Pods_SocialMediaAppRob.framework in Frameworks */,
			);
			runOnlyForDeploymentPostprocessing = 0;
		};
/* End PBXFrameworksBuildPhase section */

/* Begin PBXGroup section */
		14B3A90806D2C71BD89C0FAA /* Pods */ = {
			isa = PBXGroup;
			children = (
				1B2900853F6747890062DA80 /* Pods-SocialMediaAppRob.debug.xcconfig */,
				2B6E6FB46A1A6FB6D2CC9FEF /* Pods-SocialMediaAppRob.release.xcconfig */,
			);
			name = Pods;
			sourceTree = "<group>";
		};
		6B17B2861DF2132F00B739C3 /* Model */ = {
			isa = PBXGroup;
			children = (
			);
			name = Model;
			sourceTree = "<group>";
		};
		6B17B2871DF2133400B739C3 /* View */ = {
			isa = PBXGroup;
			children = (
			);
			name = View;
			sourceTree = "<group>";
		};
		6B17B2881DF2133700B739C3 /* Controller */ = {
			isa = PBXGroup;
			children = (
				6B52D0591DF20B4F00E4BE60 /* SignInViewController.swift */,
			);
			name = Controller;
			sourceTree = "<group>";
		};
		6B52D04B1DF20B4F00E4BE60 = {
			isa = PBXGroup;
			children = (
				6B52D0561DF20B4F00E4BE60 /* SocialMediaAppRob */,
				6B52D0551DF20B4F00E4BE60 /* Products */,
				14B3A90806D2C71BD89C0FAA /* Pods */,
				B12C15E09453EFF4BC5BD987 /* Frameworks */,
			);
			sourceTree = "<group>";
		};
		6B52D0551DF20B4F00E4BE60 /* Products */ = {
			isa = PBXGroup;
			children = (
				6B52D0541DF20B4F00E4BE60 /* SocialMediaAppRob.app */,
			);
			name = Products;
			sourceTree = "<group>";
		};
		6B52D0561DF20B4F00E4BE60 /* SocialMediaAppRob */ = {
			isa = PBXGroup;
			children = (
				6B17B2881DF2133700B739C3 /* Controller */,
				6B17B2871DF2133400B739C3 /* View */,
				6B17B2861DF2132F00B739C3 /* Model */,
				6B52D0571DF20B4F00E4BE60 /* AppDelegate.swift */,
				6B52D05B1DF20B4F00E4BE60 /* Main.storyboard */,
				6B52D05E1DF20B4F00E4BE60 /* Assets.xcassets */,
				6B52D0601DF20B4F00E4BE60 /* LaunchScreen.storyboard */,
				6B52D0631DF20B4F00E4BE60 /* Info.plist */,
				6B52D0691DF20BAC00E4BE60 /* GoogleService-Info.plist */,
			);
			path = SocialMediaAppRob;
			sourceTree = "<group>";
		};
		B12C15E09453EFF4BC5BD987 /* Frameworks */ = {
			isa = PBXGroup;
			children = (
				028CE8CA8AA22A32D4BF3765 /* Pods_SocialMediaAppRob.framework */,
			);
			name = Frameworks;
			sourceTree = "<group>";
		};
/* End PBXGroup section */

/* Begin PBXNativeTarget section */
		6B52D0531DF20B4F00E4BE60 /* SocialMediaAppRob */ = {
			isa = PBXNativeTarget;
			buildConfigurationList = 6B52D0661DF20B4F00E4BE60 /* Build configuration list for PBXNativeTarget "SocialMediaAppRob" */;
			buildPhases = (
				D57F117D8651F6130D5790D1 /* [CP] Check Pods Manifest.lock */,
				6B52D0501DF20B4F00E4BE60 /* Sources */,
				6B52D0511DF20B4F00E4BE60 /* Frameworks */,
				6B52D0521DF20B4F00E4BE60 /* Resources */,
				1BD796BED98ED5B887F60C33 /* [CP] Embed Pods Frameworks */,
				85B044049C7C3E6022FC8051 /* [CP] Copy Pods Resources */,
			);
			buildRules = (
			);
			dependencies = (
			);
			name = SocialMediaAppRob;
			productName = SocialMediaAppRob;
			productReference = 6B52D0541DF20B4F00E4BE60 /* SocialMediaAppRob.app */;
			productType = "com.apple.product-type.application";
		};
/* End PBXNativeTarget section */

/* Begin PBXProject section */
		6B52D04C1DF20B4F00E4BE60 /* Project object */ = {
			isa = PBXProject;
			attributes = {
				LastSwiftUpdateCheck = 0820;
				LastUpgradeCheck = 0820;
				ORGANIZATIONNAME = "Roberto Cruz Quesada";
				TargetAttributes = {
					6B52D0531DF20B4F00E4BE60 = {
						CreatedOnToolsVersion = 8.2;
						DevelopmentTeam = 3M3MY8NN76;
						ProvisioningStyle = Automatic;
					};
				};
			};
			buildConfigurationList = 6B52D04F1DF20B4F00E4BE60 /* Build configuration list for PBXProject "SocialMediaAppRob" */;
			compatibilityVersion = "Xcode 3.2";
			developmentRegion = English;
			hasScannedForEncodings = 0;
			knownRegions = (
				en,
				Base,
			);
			mainGroup = 6B52D04B1DF20B4F00E4BE60;
			productRefGroup = 6B52D0551DF20B4F00E4BE60 /* Products */;
			projectDirPath = "";
			projectRoot = "";
			targets = (
				6B52D0531DF20B4F00E4BE60 /* SocialMediaAppRob */,
			);
		};
/* End PBXProject section */

/* Begin PBXResourcesBuildPhase section */
		6B52D0521DF20B4F00E4BE60 /* Resources */ = {
			isa = PBXResourcesBuildPhase;
			buildActionMask = 2147483647;
			files = (
				6B52D0621DF20B4F00E4BE60 /* LaunchScreen.storyboard in Resources */,
				6B52D06A1DF20BAC00E4BE60 /* GoogleService-Info.plist in Resources */,
				6B52D05F1DF20B4F00E4BE60 /* Assets.xcassets in Resources */,
				6B52D05D1DF20B4F00E4BE60 /* Main.storyboard in Resources */,
			);
			runOnlyForDeploymentPostprocessing = 0;
		};
/* End PBXResourcesBuildPhase section */

/* Begin PBXShellScriptBuildPhase section */
		1BD796BED98ED5B887F60C33 /* [CP] Embed Pods Frameworks */ = {
			isa = PBXShellScriptBuildPhase;
			buildActionMask = 2147483647;
			files = (
			);
			inputPaths = (
			);
			name = "[CP] Embed Pods Frameworks";
			outputPaths = (
			);
			runOnlyForDeploymentPostprocessing = 0;
			shellPath = /bin/sh;
			shellScript = "\"${SRCROOT}/Pods/Target Support Files/Pods-SocialMediaAppRob/Pods-SocialMediaAppRob-frameworks.sh\"\n";
			showEnvVarsInLog = 0;
		};
		85B044049C7C3E6022FC8051 /* [CP] Copy Pods Resources */ = {
			isa = PBXShellScriptBuildPhase;
			buildActionMask = 2147483647;
			files = (
			);
			inputPaths = (
			);
			name = "[CP] Copy Pods Resources";
			outputPaths = (
			);
			runOnlyForDeploymentPostprocessing = 0;
			shellPath = /bin/sh;
			shellScript = "\"${SRCROOT}/Pods/Target Support Files/Pods-SocialMediaAppRob/Pods-SocialMediaAppRob-resources.sh\"\n";
			showEnvVarsInLog = 0;
		};
		D57F117D8651F6130D5790D1 /* [CP] Check Pods Manifest.lock */ = {
			isa = PBXShellScriptBuildPhase;
			buildActionMask = 2147483647;
			files = (
			);
			inputPaths = (
			);
			name = "[CP] Check Pods Manifest.lock";
			outputPaths = (
			);
			runOnlyForDeploymentPostprocessing = 0;
			shellPath = /bin/sh;
			shellScript = "diff \"${PODS_ROOT}/../Podfile.lock\" \"${PODS_ROOT}/Manifest.lock\" > /dev/null\nif [ $? != 0 ] ; then\n    # print error to STDERR\n    echo \"error: The sandbox is not in sync with the Podfile.lock. Run 'pod install' or update your CocoaPods installation.\" >&2\n    exit 1\nfi\n";
			showEnvVarsInLog = 0;
		};
/* End PBXShellScriptBuildPhase section */

/* Begin PBXSourcesBuildPhase section */
		6B52D0501DF20B4F00E4BE60 /* Sources */ = {
			isa = PBXSourcesBuildPhase;
			buildActionMask = 2147483647;
			files = (
				6B52D05A1DF20B4F00E4BE60 /* SignInViewController.swift in Sources */,
				6B52D0581DF20B4F00E4BE60 /* AppDelegate.swift in Sources */,
			);
			runOnlyForDeploymentPostprocessing = 0;
		};
/* End PBXSourcesBuildPhase section */

/* Begin PBXVariantGroup section */
		6B52D05B1DF20B4F00E4BE60 /* Main.storyboard */ = {
			isa = PBXVariantGroup;
			children = (
				6B52D05C1DF20B4F00E4BE60 /* Base */,
			);
			name = Main.storyboard;
			sourceTree = "<group>";
		};
		6B52D0601DF20B4F00E4BE60 /* LaunchScreen.storyboard */ = {
			isa = PBXVariantGroup;
			children = (
				6B52D0611DF20B4F00E4BE60 /* Base */,
			);
			name = LaunchScreen.storyboard;
			sourceTree = "<group>";
		};
/* End PBXVariantGroup section */

/* Begin XCBuildConfiguration section */
		6B52D0641DF20B4F00E4BE60 /* Debug */ = {
			isa = XCBuildConfiguration;
			buildSettings = {
				ALWAYS_SEARCH_USER_PATHS = NO;
				CLANG_ANALYZER_NONNULL = YES;
				CLANG_CXX_LANGUAGE_STANDARD = "gnu++0x";
				CLANG_CXX_LIBRARY = "libc++";
				CLANG_ENABLE_MODULES = YES;
				CLANG_ENABLE_OBJC_ARC = YES;
				CLANG_WARN_BOOL_CONVERSION = YES;
				CLANG_WARN_CONSTANT_CONVERSION = YES;
				CLANG_WARN_DIRECT_OBJC_ISA_USAGE = YES_ERROR;
				CLANG_WARN_DOCUMENTATION_COMMENTS = YES;
				CLANG_WARN_EMPTY_BODY = YES;
				CLANG_WARN_ENUM_CONVERSION = YES;
				CLANG_WARN_INFINITE_RECURSION = YES;
				CLANG_WARN_INT_CONVERSION = YES;
				CLANG_WARN_OBJC_ROOT_CLASS = YES_ERROR;
				CLANG_WARN_SUSPICIOUS_MOVE = YES;
				CLANG_WARN_UNREACHABLE_CODE = YES;
				CLANG_WARN__DUPLICATE_METHOD_MATCH = YES;
				"CODE_SIGN_IDENTITY[sdk=iphoneos*]" = "iPhone Developer";
				COPY_PHASE_STRIP = NO;
				DEBUG_INFORMATION_FORMAT = dwarf;
				ENABLE_STRICT_OBJC_MSGSEND = YES;
				ENABLE_TESTABILITY = YES;
				GCC_C_LANGUAGE_STANDARD = gnu99;
				GCC_DYNAMIC_NO_PIC = NO;
				GCC_NO_COMMON_BLOCKS = YES;
				GCC_OPTIMIZATION_LEVEL = 0;
				GCC_PREPROCESSOR_DEFINITIONS = (
					"DEBUG=1",
					"$(inherited)",
				);
				GCC_WARN_64_TO_32_BIT_CONVERSION = YES;
				GCC_WARN_ABOUT_RETURN_TYPE = YES_ERROR;
				GCC_WARN_UNDECLARED_SELECTOR = YES;
				GCC_WARN_UNINITIALIZED_AUTOS = YES_AGGRESSIVE;
				GCC_WARN_UNUSED_FUNCTION = YES;
				GCC_WARN_UNUSED_VARIABLE = YES;
				IPHONEOS_DEPLOYMENT_TARGET = 10.2;
				MTL_ENABLE_DEBUG_INFO = YES;
				ONLY_ACTIVE_ARCH = YES;
				SDKROOT = iphoneos;
				SWIFT_ACTIVE_COMPILATION_CONDITIONS = DEBUG;
				SWIFT_OPTIMIZATION_LEVEL = "-Onone";
			};
			name = Debug;
		};
		6B52D0651DF20B4F00E4BE60 /* Release */ = {
			isa = XCBuildConfiguration;
			buildSettings = {
				ALWAYS_SEARCH_USER_PATHS = NO;
				CLANG_ANALYZER_NONNULL = YES;
				CLANG_CXX_LANGUAGE_STANDARD = "gnu++0x";
				CLANG_CXX_LIBRARY = "libc++";
				CLANG_ENABLE_MODULES = YES;
				CLANG_ENABLE_OBJC_ARC = YES;
				CLANG_WARN_BOOL_CONVERSION = YES;
				CLANG_WARN_CONSTANT_CONVERSION = YES;
				CLANG_WARN_DIRECT_OBJC_ISA_USAGE = YES_ERROR;
				CLANG_WARN_DOCUMENTATION_COMMENTS = YES;
				CLANG_WARN_EMPTY_BODY = YES;
				CLANG_WARN_ENUM_CONVERSION = YES;
				CLANG_WARN_INFINITE_RECURSION = YES;
				CLANG_WARN_INT_CONVERSION = YES;
				CLANG_WARN_OBJC_ROOT_CLASS = YES_ERROR;
				CLANG_WARN_SUSPICIOUS_MOVE = YES;
				CLANG_WARN_UNREACHABLE_CODE = YES;
				CLANG_WARN__DUPLICATE_METHOD_MATCH = YES;
				"CODE_SIGN_IDENTITY[sdk=iphoneos*]" = "iPhone Developer";
				COPY_PHASE_STRIP = NO;
				DEBUG_INFORMATION_FORMAT = "dwarf-with-dsym";
				ENABLE_NS_ASSERTIONS = NO;
				ENABLE_STRICT_OBJC_MSGSEND = YES;
				GCC_C_LANGUAGE_STANDARD = gnu99;
				GCC_NO_COMMON_BLOCKS = YES;
				GCC_WARN_64_TO_32_BIT_CONVERSION = YES;
				GCC_WARN_ABOUT_RETURN_TYPE = YES_ERROR;
				GCC_WARN_UNDECLARED_SELECTOR = YES;
				GCC_WARN_UNINITIALIZED_AUTOS = YES_AGGRESSIVE;
				GCC_WARN_UNUSED_FUNCTION = YES;
				GCC_WARN_UNUSED_VARIABLE = YES;
				IPHONEOS_DEPLOYMENT_TARGET = 10.2;
				MTL_ENABLE_DEBUG_INFO = NO;
				SDKROOT = iphoneos;
				SWIFT_OPTIMIZATION_LEVEL = "-Owholemodule";
				VALIDATE_PRODUCT = YES;
			};
			name = Release;
		};
		6B52D0671DF20B4F00E4BE60 /* Debug */ = {
			isa = XCBuildConfiguration;
			baseConfigurationReference = 1B2900853F6747890062DA80 /* Pods-SocialMediaAppRob.debug.xcconfig */;
			buildSettings = {
				ASSETCATALOG_COMPILER_APPICON_NAME = AppIcon;
				DEVELOPMENT_TEAM = 3M3MY8NN76;
				INFOPLIST_FILE = SocialMediaAppRob/Info.plist;
				LD_RUNPATH_SEARCH_PATHS = "$(inherited) @executable_path/Frameworks";
				PRODUCT_BUNDLE_IDENTIFIER = com.devslopes.student.SocialMediaAppRob;
				PRODUCT_NAME = "$(TARGET_NAME)";
				SWIFT_VERSION = 3.0;
			};
			name = Debug;
		};
		6B52D0681DF20B4F00E4BE60 /* Release */ = {
			isa = XCBuildConfiguration;
			baseConfigurationReference = 2B6E6FB46A1A6FB6D2CC9FEF /* Pods-SocialMediaAppRob.release.xcconfig */;
			buildSettings = {
				ASSETCATALOG_COMPILER_APPICON_NAME = AppIcon;
				DEVELOPMENT_TEAM = 3M3MY8NN76;
				INFOPLIST_FILE = SocialMediaAppRob/Info.plist;
				LD_RUNPATH_SEARCH_PATHS = "$(inherited) @executable_path/Frameworks";
				PRODUCT_BUNDLE_IDENTIFIER = com.devslopes.student.SocialMediaAppRob;
				PRODUCT_NAME = "$(TARGET_NAME)";
				SWIFT_VERSION = 3.0;
			};
			name = Release;
		};
/* End XCBuildConfiguration section */

/* Begin XCConfigurationList section */
		6B52D04F1DF20B4F00E4BE60 /* Build configuration list for PBXProject "SocialMediaAppRob" */ = {
			isa = XCConfigurationList;
			buildConfigurations = (
				6B52D0641DF20B4F00E4BE60 /* Debug */,
				6B52D0651DF20B4F00E4BE60 /* Release */,
			);
			defaultConfigurationIsVisible = 0;
			defaultConfigurationName = Release;
		};
		6B52D0661DF20B4F00E4BE60 /* Build configuration list for PBXNativeTarget "SocialMediaAppRob" */ = {
			isa = XCConfigurationList;
			buildConfigurations = (
				6B52D0671DF20B4F00E4BE60 /* Debug */,
				6B52D0681DF20B4F00E4BE60 /* Release */,
			);
			defaultConfigurationIsVisible = 0;
			defaultConfigurationName = Release;
		};
/* End XCConfigurationList section */
	};
	rootObject = 6B52D04C1DF20B4F00E4BE60 /* Project object */;
}
